
Microsoft Visual Studio Solution File, Format Version 12.00
# Visual Studio 14
VisualStudioVersion = 14.0.25420.1
MinimumVisualStudioVersion = 10.0.40219.1
Project("{FAE04EC0-301F-11D3-BF4B-00C04F79EFBC}") = "SisComprasWebApp", "SisComprasWebApp\SisComprasWebApp.csproj", "{2933C807-4F96-427C-8C43-57C4D025FA12}"
EndProject
Project("{FAE04EC0-301F-11D3-BF4B-00C04F79EFBC}") = "Modelos", "Modelos\Modelos.csproj", "{B58DBEE4-1390-4909-A18E-576E39A2FCA5}"
EndProject
Project("{FAE04EC0-301F-11D3-BF4B-00C04F79EFBC}") = "AplicacionLog", "AplicacionLog\AplicacionLog.csproj", "{C9D8A948-1E7A-4AF9-8C71-55862AD3DF02}"
EndProject
Project("{FAE04EC0-301F-11D3-BF4B-00C04F79EFBC}") = "AccesoDatos", "AccesoDatos\AccesoDatos.csproj", "{44D4A750-AE79-4F60-88CC-CAA151031A22}"
EndProject
Project("{FAE04EC0-301F-11D3-BF4B-00C04F79EFBC}") = "SisCompras.BL", "SisCompras.BL\SisCompras.BL.csproj", "{5BB1F525-F741-4A32-AC3D-73A241BDCB60}"
EndProject
Project("{FAE04EC0-301F-11D3-BF4B-00C04F79EFBC}") = "EnvioEmail", "EnvioEmail\EnvioEmail.csproj", "{8AD2F738-5721-43C2-855D-9773D6C773B7}"
EndProject
Global
	GlobalSection(SolutionConfigurationPlatforms) = preSolution
		Debug|Any CPU = Debug|Any CPU
		Release|Any CPU = Release|Any CPU
	EndGlobalSection
	GlobalSection(ProjectConfigurationPlatforms) = postSolution
		{2933C807-4F96-427C-8C43-57C4D025FA12}.Debug|Any CPU.ActiveCfg = Debug|Any CPU
		{2933C807-4F96-427C-8C43-57C4D025FA12}.Debug|Any CPU.Build.0 = Debug|Any CPU
		{2933C807-4F96-427C-8C43-57C4D025FA12}.Release|Any CPU.ActiveCfg = Release|Any CPU
		{2933C807-4F96-427C-8C43-57C4D025FA12}.Release|Any CPU.Build.0 = Release|Any CPU
		{B58DBEE4-1390-4909-A18E-576E39A2FCA5}.Debug|Any CPU.ActiveCfg = Debug|Any CPU
		{B58DBEE4-1390-4909-A18E-576E39A2FCA5}.Debug|Any CPU.Build.0 = Debug|Any CPU
		{B58DBEE4-1390-4909-A18E-576E39A2FCA5}.Release|Any CPU.ActiveCfg = Release|Any CPU
		{B58DBEE4-1390-4909-A18E-576E39A2FCA5}.Release|Any CPU.Build.0 = Release|Any CPU
		{C9D8A948-1E7A-4AF9-8C71-55862AD3DF02}.Debug|Any CPU.ActiveCfg = Debug|Any CPU
		{C9D8A948-1E7A-4AF9-8C71-55862AD3DF02}.Debug|Any CPU.Build.0 = Debug|Any CPU
		{C9D8A948-1E7A-4AF9-8C71-55862AD3DF02}.Release|Any CPU.ActiveCfg = Release|Any CPU
		{C9D8A948-1E7A-4AF9-8C71-55862AD3DF02}.Release|Any CPU.Build.0 = Release|Any CPU
		{44D4A750-AE79-4F60-88CC-CAA151031A22}.Debug|Any CPU.ActiveCfg = Debug|Any CPU
		{44D4A750-AE79-4F60-88CC-CAA151031A22}.Debug|Any CPU.Build.0 = Debug|Any CPU
		{44D4A750-AE79-4F60-88CC-CAA151031A22}.Release|Any CPU.ActiveCfg = Release|Any CPU
		{44D4A750-AE79-4F60-88CC-CAA151031A22}.Release|Any CPU.Build.0 = Release|Any CPU
		{5BB1F525-F741-4A32-AC3D-73A241BDCB60}.Debug|Any CPU.ActiveCfg = Debug|Any CPU
		{5BB1F525-F741-4A32-AC3D-73A241BDCB60}.Debug|Any CPU.Build.0 = Debug|Any CPU
		{5BB1F525-F741-4A32-AC3D-73A241BDCB60}.Release|Any CPU.ActiveCfg = Release|Any CPU
		{5BB1F525-F741-4A32-AC3D-73A241BDCB60}.Release|Any CPU.Build.0 = Release|Any CPU
		{8AD2F738-5721-43C2-855D-9773D6C773B7}.Debug|Any CPU.ActiveCfg = Debug|Any CPU
		{8AD2F738-5721-43C2-855D-9773D6C773B7}.Debug|Any CPU.Build.0 = Debug|Any CPU
		{8AD2F738-5721-43C2-855D-9773D6C773B7}.Release|Any CPU.ActiveCfg = Release|Any CPU
		{8AD2F738-5721-43C2-855D-9773D6C773B7}.Release|Any CPU.Build.0 = Release|Any CPU
	EndGlobalSection
	GlobalSection(SolutionProperties) = preSolution
		HideSolutionNode = FALSE
	EndGlobalSection
EndGlobal
